// !$*UTF8*$!
{
	archiveVersion = 1;
	classes = {
	};
	objectVersion = 48;
	objects = {

/* Begin PBXBuildFile section */
		1FC2736939A366A227334015 /* Pods_taxi.framework in Frameworks */ = {isa = PBXBuildFile; fileRef = FBBBD07FE497BB1DE42E6E2B /* Pods_taxi.framework */; };
		369FAC612068B11F00275408 /* AppDelegate.swift in Sources */ = {isa = PBXBuildFile; fileRef = 369FAC602068B11F00275408 /* AppDelegate.swift */; };
		369FAC632068B11F00275408 /* ViewController.swift in Sources */ = {isa = PBXBuildFile; fileRef = 369FAC622068B11F00275408 /* ViewController.swift */; };
		369FAC662068B11F00275408 /* Main.storyboard in Resources */ = {isa = PBXBuildFile; fileRef = 369FAC642068B11F00275408 /* Main.storyboard */; };
		369FAC682068B11F00275408 /* Assets.xcassets in Resources */ = {isa = PBXBuildFile; fileRef = 369FAC672068B11F00275408 /* Assets.xcassets */; };
		369FAC6B2068B11F00275408 /* LaunchScreen.storyboard in Resources */ = {isa = PBXBuildFile; fileRef = 369FAC692068B11F00275408 /* LaunchScreen.storyboard */; };
		369FAC762068B12000275408 /* taxiTests.swift in Sources */ = {isa = PBXBuildFile; fileRef = 369FAC752068B12000275408 /* taxiTests.swift */; };
		369FAC812068B12000275408 /* taxiUITests.swift in Sources */ = {isa = PBXBuildFile; fileRef = 369FAC802068B12000275408 /* taxiUITests.swift */; };
		3E868C5561BCAB02D847AB90 /* Pods_taxiTests.framework in Frameworks */ = {isa = PBXBuildFile; fileRef = 9B4BF3C7E49F092B0DBC0A8C /* Pods_taxiTests.framework */; };
		74B45884D2F31489AB7E17B4 /* Pods_taxiUITests.framework in Frameworks */ = {isa = PBXBuildFile; fileRef = F914D161A09DE43AC8344332 /* Pods_taxiUITests.framework */; };
		F79EE2AE206A00020015B5C1 /* Main.storyboard in Resources */ = {isa = PBXBuildFile; fileRef = F79EE2A8206A00020015B5C1 /* Main.storyboard */; };
		F79EE2AF206A00020015B5C1 /* MainContract.swift in Sources */ = {isa = PBXBuildFile; fileRef = F79EE2A9206A00020015B5C1 /* MainContract.swift */; };
		F79EE2B0206A00020015B5C1 /* MainDIPart.swift in Sources */ = {isa = PBXBuildFile; fileRef = F79EE2AA206A00020015B5C1 /* MainDIPart.swift */; };
		F79EE2B1206A00020015B5C1 /* MainPresenterImpl.swift in Sources */ = {isa = PBXBuildFile; fileRef = F79EE2AB206A00020015B5C1 /* MainPresenterImpl.swift */; };
		F79EE2B2206A00020015B5C1 /* MainRouterImpl.swift in Sources */ = {isa = PBXBuildFile; fileRef = F79EE2AC206A00020015B5C1 /* MainRouterImpl.swift */; };
		F79EE2B3206A00020015B5C1 /* MainViewController.swift in Sources */ = {isa = PBXBuildFile; fileRef = F79EE2AD206A00020015B5C1 /* MainViewController.swift */; };
		F79EE2BB206A003C0015B5C1 /* Map.storyboard in Resources */ = {isa = PBXBuildFile; fileRef = F79EE2B5206A003C0015B5C1 /* Map.storyboard */; };
		F79EE2BC206A003C0015B5C1 /* MapContract.swift in Sources */ = {isa = PBXBuildFile; fileRef = F79EE2B6206A003C0015B5C1 /* MapContract.swift */; };
		F79EE2BD206A003C0015B5C1 /* MapDIPart.swift in Sources */ = {isa = PBXBuildFile; fileRef = F79EE2B7206A003C0015B5C1 /* MapDIPart.swift */; };
		F79EE2BE206A003C0015B5C1 /* MapPresenterImpl.swift in Sources */ = {isa = PBXBuildFile; fileRef = F79EE2B8206A003C0015B5C1 /* MapPresenterImpl.swift */; };
		F79EE2BF206A003C0015B5C1 /* MapRouterImpl.swift in Sources */ = {isa = PBXBuildFile; fileRef = F79EE2B9206A003C0015B5C1 /* MapRouterImpl.swift */; };
		F79EE2C0206A003C0015B5C1 /* MapViewController.swift in Sources */ = {isa = PBXBuildFile; fileRef = F79EE2BA206A003C0015B5C1 /* MapViewController.swift */; };
		F79EE2C5206A015B0015B5C1 /* AppDIPart.swift in Sources */ = {isa = PBXBuildFile; fileRef = F79EE2C4206A015B0015B5C1 /* AppDIPart.swift */; };
		F79EE2C7206A016C0015B5C1 /* NetworkDIPart.swift in Sources */ = {isa = PBXBuildFile; fileRef = F79EE2C6206A016C0015B5C1 /* NetworkDIPart.swift */; };
		F79EE2D2206A1FC90015B5C1 /* map.js in Resources */ = {isa = PBXBuildFile; fileRef = F79EE2D1206A1FC90015B5C1 /* map.js */; };
/* End PBXBuildFile section */

/* Begin PBXContainerItemProxy section */
		369FAC722068B12000275408 /* PBXContainerItemProxy */ = {
			isa = PBXContainerItemProxy;
			containerPortal = 369FAC552068B11F00275408 /* Project object */;
			proxyType = 1;
			remoteGlobalIDString = 369FAC5C2068B11F00275408;
			remoteInfo = taxi;
		};
		369FAC7D2068B12000275408 /* PBXContainerItemProxy */ = {
			isa = PBXContainerItemProxy;
			containerPortal = 369FAC552068B11F00275408 /* Project object */;
			proxyType = 1;
			remoteGlobalIDString = 369FAC5C2068B11F00275408;
			remoteInfo = taxi;
		};
/* End PBXContainerItemProxy section */

/* Begin PBXFileReference section */
		369FAC5D2068B11F00275408 /* taxi.app */ = {isa = PBXFileReference; explicitFileType = wrapper.application; includeInIndex = 0; path = taxi.app; sourceTree = BUILT_PRODUCTS_DIR; };
		369FAC602068B11F00275408 /* AppDelegate.swift */ = {isa = PBXFileReference; lastKnownFileType = sourcecode.swift; path = AppDelegate.swift; sourceTree = "<group>"; };
		369FAC622068B11F00275408 /* ViewController.swift */ = {isa = PBXFileReference; lastKnownFileType = sourcecode.swift; path = ViewController.swift; sourceTree = "<group>"; };
		369FAC652068B11F00275408 /* Base */ = {isa = PBXFileReference; lastKnownFileType = file.storyboard; name = Base; path = Base.lproj/Main.storyboard; sourceTree = "<group>"; };
		369FAC672068B11F00275408 /* Assets.xcassets */ = {isa = PBXFileReference; lastKnownFileType = folder.assetcatalog; path = Assets.xcassets; sourceTree = "<group>"; };
		369FAC6A2068B11F00275408 /* Base */ = {isa = PBXFileReference; lastKnownFileType = file.storyboard; name = Base; path = Base.lproj/LaunchScreen.storyboard; sourceTree = "<group>"; };
		369FAC6C2068B11F00275408 /* Info.plist */ = {isa = PBXFileReference; lastKnownFileType = text.plist.xml; path = Info.plist; sourceTree = "<group>"; };
		369FAC712068B12000275408 /* taxiTests.xctest */ = {isa = PBXFileReference; explicitFileType = wrapper.cfbundle; includeInIndex = 0; path = taxiTests.xctest; sourceTree = BUILT_PRODUCTS_DIR; };
		369FAC752068B12000275408 /* taxiTests.swift */ = {isa = PBXFileReference; lastKnownFileType = sourcecode.swift; path = taxiTests.swift; sourceTree = "<group>"; };
		369FAC772068B12000275408 /* Info.plist */ = {isa = PBXFileReference; lastKnownFileType = text.plist.xml; path = Info.plist; sourceTree = "<group>"; };
		369FAC7C2068B12000275408 /* taxiUITests.xctest */ = {isa = PBXFileReference; explicitFileType = wrapper.cfbundle; includeInIndex = 0; path = taxiUITests.xctest; sourceTree = BUILT_PRODUCTS_DIR; };
		369FAC802068B12000275408 /* taxiUITests.swift */ = {isa = PBXFileReference; lastKnownFileType = sourcecode.swift; path = taxiUITests.swift; sourceTree = "<group>"; };
		369FAC822068B12000275408 /* Info.plist */ = {isa = PBXFileReference; lastKnownFileType = text.plist.xml; path = Info.plist; sourceTree = "<group>"; };
		7046EB157555C12F820FDB21 /* Pods-taxiUITests.release.xcconfig */ = {isa = PBXFileReference; includeInIndex = 1; lastKnownFileType = text.xcconfig; name = "Pods-taxiUITests.release.xcconfig"; path = "Pods/Target Support Files/Pods-taxiUITests/Pods-taxiUITests.release.xcconfig"; sourceTree = "<group>"; };
		9B4BF3C7E49F092B0DBC0A8C /* Pods_taxiTests.framework */ = {isa = PBXFileReference; explicitFileType = wrapper.framework; includeInIndex = 0; path = Pods_taxiTests.framework; sourceTree = BUILT_PRODUCTS_DIR; };
		9F15EF6D15369F29A0464A3A /* Pods-taxiTests.debug.xcconfig */ = {isa = PBXFileReference; includeInIndex = 1; lastKnownFileType = text.xcconfig; name = "Pods-taxiTests.debug.xcconfig"; path = "Pods/Target Support Files/Pods-taxiTests/Pods-taxiTests.debug.xcconfig"; sourceTree = "<group>"; };
		B23F00E49C07C2C939B879AB /* Pods-taxi.release.xcconfig */ = {isa = PBXFileReference; includeInIndex = 1; lastKnownFileType = text.xcconfig; name = "Pods-taxi.release.xcconfig"; path = "Pods/Target Support Files/Pods-taxi/Pods-taxi.release.xcconfig"; sourceTree = "<group>"; };
		B80E2F9E84C785DEE462B227 /* Pods-taxiUITests.debug.xcconfig */ = {isa = PBXFileReference; includeInIndex = 1; lastKnownFileType = text.xcconfig; name = "Pods-taxiUITests.debug.xcconfig"; path = "Pods/Target Support Files/Pods-taxiUITests/Pods-taxiUITests.debug.xcconfig"; sourceTree = "<group>"; };
		F22CDF37C1F223FB77DAC616 /* Pods-taxiTests.release.xcconfig */ = {isa = PBXFileReference; includeInIndex = 1; lastKnownFileType = text.xcconfig; name = "Pods-taxiTests.release.xcconfig"; path = "Pods/Target Support Files/Pods-taxiTests/Pods-taxiTests.release.xcconfig"; sourceTree = "<group>"; };
		F79EE2A8206A00020015B5C1 /* Main.storyboard */ = {isa = PBXFileReference; lastKnownFileType = file.storyboard; path = Main.storyboard; sourceTree = "<group>"; };
		F79EE2A9206A00020015B5C1 /* MainContract.swift */ = {isa = PBXFileReference; lastKnownFileType = sourcecode.swift; path = MainContract.swift; sourceTree = "<group>"; };
		F79EE2AA206A00020015B5C1 /* MainDIPart.swift */ = {isa = PBXFileReference; lastKnownFileType = sourcecode.swift; path = MainDIPart.swift; sourceTree = "<group>"; };
		F79EE2AB206A00020015B5C1 /* MainPresenterImpl.swift */ = {isa = PBXFileReference; lastKnownFileType = sourcecode.swift; path = MainPresenterImpl.swift; sourceTree = "<group>"; };
		F79EE2AC206A00020015B5C1 /* MainRouterImpl.swift */ = {isa = PBXFileReference; lastKnownFileType = sourcecode.swift; path = MainRouterImpl.swift; sourceTree = "<group>"; };
		F79EE2AD206A00020015B5C1 /* MainViewController.swift */ = {isa = PBXFileReference; lastKnownFileType = sourcecode.swift; path = MainViewController.swift; sourceTree = "<group>"; };
		F79EE2B5206A003C0015B5C1 /* Map.storyboard */ = {isa = PBXFileReference; lastKnownFileType = file.storyboard; path = Map.storyboard; sourceTree = "<group>"; };
		F79EE2B6206A003C0015B5C1 /* MapContract.swift */ = {isa = PBXFileReference; lastKnownFileType = sourcecode.swift; path = MapContract.swift; sourceTree = "<group>"; };
		F79EE2B7206A003C0015B5C1 /* MapDIPart.swift */ = {isa = PBXFileReference; lastKnownFileType = sourcecode.swift; path = MapDIPart.swift; sourceTree = "<group>"; };
		F79EE2B8206A003C0015B5C1 /* MapPresenterImpl.swift */ = {isa = PBXFileReference; lastKnownFileType = sourcecode.swift; path = MapPresenterImpl.swift; sourceTree = "<group>"; };
		F79EE2B9206A003C0015B5C1 /* MapRouterImpl.swift */ = {isa = PBXFileReference; lastKnownFileType = sourcecode.swift; path = MapRouterImpl.swift; sourceTree = "<group>"; };
		F79EE2BA206A003C0015B5C1 /* MapViewController.swift */ = {isa = PBXFileReference; lastKnownFileType = sourcecode.swift; path = MapViewController.swift; sourceTree = "<group>"; };
		F79EE2C4206A015B0015B5C1 /* AppDIPart.swift */ = {isa = PBXFileReference; lastKnownFileType = sourcecode.swift; path = AppDIPart.swift; sourceTree = "<group>"; };
		F79EE2C6206A016C0015B5C1 /* NetworkDIPart.swift */ = {isa = PBXFileReference; lastKnownFileType = sourcecode.swift; path = NetworkDIPart.swift; sourceTree = "<group>"; };
		F79EE2C9206A0C5A0015B5C1 /* map.js */ = {isa = PBXFileReference; lastKnownFileType = sourcecode.javascript; path = map.js; sourceTree = "<group>"; };
		F79EE2D1206A1FC90015B5C1 /* map.js */ = {isa = PBXFileReference; lastKnownFileType = sourcecode.javascript; name = map.js; path = taxi/map.js; sourceTree = "<group>"; };
		F914D161A09DE43AC8344332 /* Pods_taxiUITests.framework */ = {isa = PBXFileReference; explicitFileType = wrapper.framework; includeInIndex = 0; path = Pods_taxiUITests.framework; sourceTree = BUILT_PRODUCTS_DIR; };
		FBBBD07FE497BB1DE42E6E2B /* Pods_taxi.framework */ = {isa = PBXFileReference; explicitFileType = wrapper.framework; includeInIndex = 0; path = Pods_taxi.framework; sourceTree = BUILT_PRODUCTS_DIR; };
		FEC16F893B695759F2C0028C /* Pods-taxi.debug.xcconfig */ = {isa = PBXFileReference; includeInIndex = 1; lastKnownFileType = text.xcconfig; name = "Pods-taxi.debug.xcconfig"; path = "Pods/Target Support Files/Pods-taxi/Pods-taxi.debug.xcconfig"; sourceTree = "<group>"; };
/* End PBXFileReference section */

/* Begin PBXFrameworksBuildPhase section */
		369FAC5A2068B11F00275408 /* Frameworks */ = {
			isa = PBXFrameworksBuildPhase;
			buildActionMask = 2147483647;
			files = (
				1FC2736939A366A227334015 /* Pods_taxi.framework in Frameworks */,
			);
			runOnlyForDeploymentPostprocessing = 0;
		};
		369FAC6E2068B12000275408 /* Frameworks */ = {
			isa = PBXFrameworksBuildPhase;
			buildActionMask = 2147483647;
			files = (
				3E868C5561BCAB02D847AB90 /* Pods_taxiTests.framework in Frameworks */,
			);
			runOnlyForDeploymentPostprocessing = 0;
		};
		369FAC792068B12000275408 /* Frameworks */ = {
			isa = PBXFrameworksBuildPhase;
			buildActionMask = 2147483647;
			files = (
				74B45884D2F31489AB7E17B4 /* Pods_taxiUITests.framework in Frameworks */,
			);
			runOnlyForDeploymentPostprocessing = 0;
		};
/* End PBXFrameworksBuildPhase section */

/* Begin PBXGroup section */
		369FAC542068B11F00275408 = {
			isa = PBXGroup;
			children = (
				F79EE2D1206A1FC90015B5C1 /* map.js */,
				369FAC5F2068B11F00275408 /* taxi */,
				369FAC742068B12000275408 /* taxiTests */,
				369FAC7F2068B12000275408 /* taxiUITests */,
				369FAC5E2068B11F00275408 /* Products */,
				DB26F1C695F16AE80D39F8D5 /* Pods */,
				692DD352BD87E552C4F6DC52 /* Frameworks */,
			);
			sourceTree = "<group>";
		};
		369FAC5E2068B11F00275408 /* Products */ = {
			isa = PBXGroup;
			children = (
				369FAC5D2068B11F00275408 /* taxi.app */,
				369FAC712068B12000275408 /* taxiTests.xctest */,
				369FAC7C2068B12000275408 /* taxiUITests.xctest */,
			);
			name = Products;
			sourceTree = "<group>";
		};
		369FAC5F2068B11F00275408 /* taxi */ = {
			isa = PBXGroup;
			children = (
				F79EE2C8206A0AB10015B5C1 /* YandexMap */,
				F79EE2C3206A01400015B5C1 /* DI */,
				F79EE2C2206A00740015B5C1 /* Services */,
				F79EE2A72069FFB30015B5C1 /* Modules */,
				369FAC602068B11F00275408 /* AppDelegate.swift */,
				369FAC622068B11F00275408 /* ViewController.swift */,
				369FAC642068B11F00275408 /* Main.storyboard */,
				369FAC672068B11F00275408 /* Assets.xcassets */,
				369FAC692068B11F00275408 /* LaunchScreen.storyboard */,
				369FAC6C2068B11F00275408 /* Info.plist */,
				F79EE2C9206A0C5A0015B5C1 /* map.js */,
			);
			path = taxi;
			sourceTree = "<group>";
		};
		369FAC742068B12000275408 /* taxiTests */ = {
			isa = PBXGroup;
			children = (
				369FAC752068B12000275408 /* taxiTests.swift */,
				369FAC772068B12000275408 /* Info.plist */,
			);
			path = taxiTests;
			sourceTree = "<group>";
		};
		369FAC7F2068B12000275408 /* taxiUITests */ = {
			isa = PBXGroup;
			children = (
				369FAC802068B12000275408 /* taxiUITests.swift */,
				369FAC822068B12000275408 /* Info.plist */,
			);
			path = taxiUITests;
			sourceTree = "<group>";
		};
		692DD352BD87E552C4F6DC52 /* Frameworks */ = {
			isa = PBXGroup;
			children = (
				FBBBD07FE497BB1DE42E6E2B /* Pods_taxi.framework */,
				9B4BF3C7E49F092B0DBC0A8C /* Pods_taxiTests.framework */,
				F914D161A09DE43AC8344332 /* Pods_taxiUITests.framework */,
			);
			name = Frameworks;
			sourceTree = "<group>";
		};
		DB26F1C695F16AE80D39F8D5 /* Pods */ = {
			isa = PBXGroup;
			children = (
				FEC16F893B695759F2C0028C /* Pods-taxi.debug.xcconfig */,
				B23F00E49C07C2C939B879AB /* Pods-taxi.release.xcconfig */,
				9F15EF6D15369F29A0464A3A /* Pods-taxiTests.debug.xcconfig */,
				F22CDF37C1F223FB77DAC616 /* Pods-taxiTests.release.xcconfig */,
				B80E2F9E84C785DEE462B227 /* Pods-taxiUITests.debug.xcconfig */,
				7046EB157555C12F820FDB21 /* Pods-taxiUITests.release.xcconfig */,
			);
			name = Pods;
			sourceTree = "<group>";
		};
		F79EE2A72069FFB30015B5C1 /* Modules */ = {
			isa = PBXGroup;
			children = (
				F79EE2C1206A00430015B5C1 /* Map */,
				F79EE2B4206A000A0015B5C1 /* Main */,
			);
			path = Modules;
			sourceTree = "<group>";
		};
		F79EE2B4206A000A0015B5C1 /* Main */ = {
			isa = PBXGroup;
			children = (
				F79EE2A8206A00020015B5C1 /* Main.storyboard */,
				F79EE2A9206A00020015B5C1 /* MainContract.swift */,
				F79EE2AA206A00020015B5C1 /* MainDIPart.swift */,
				F79EE2AB206A00020015B5C1 /* MainPresenterImpl.swift */,
				F79EE2AC206A00020015B5C1 /* MainRouterImpl.swift */,
				F79EE2AD206A00020015B5C1 /* MainViewController.swift */,
			);
			path = Main;
			sourceTree = "<group>";
		};
		F79EE2C1206A00430015B5C1 /* Map */ = {
			isa = PBXGroup;
			children = (
				F79EE2B5206A003C0015B5C1 /* Map.storyboard */,
				F79EE2B6206A003C0015B5C1 /* MapContract.swift */,
				F79EE2B7206A003C0015B5C1 /* MapDIPart.swift */,
				F79EE2B8206A003C0015B5C1 /* MapPresenterImpl.swift */,
				F79EE2B9206A003C0015B5C1 /* MapRouterImpl.swift */,
				F79EE2BA206A003C0015B5C1 /* MapViewController.swift */,
			);
			path = Map;
			sourceTree = "<group>";
		};
		F79EE2C2206A00740015B5C1 /* Services */ = {
			isa = PBXGroup;
			children = (
			);
			path = Services;
			sourceTree = "<group>";
		};
		F79EE2C3206A01400015B5C1 /* DI */ = {
			isa = PBXGroup;
			children = (
				F79EE2C4206A015B0015B5C1 /* AppDIPart.swift */,
				F79EE2C6206A016C0015B5C1 /* NetworkDIPart.swift */,
			);
			path = DI;
			sourceTree = "<group>";
		};
		F79EE2C8206A0AB10015B5C1 /* YandexMap */ = {
			isa = PBXGroup;
			children = (
			);
			path = YandexMap;
			sourceTree = "<group>";
		};
/* End PBXGroup section */

/* Begin PBXNativeTarget section */
		369FAC5C2068B11F00275408 /* taxi */ = {
			isa = PBXNativeTarget;
			buildConfigurationList = 369FAC852068B12000275408 /* Build configuration list for PBXNativeTarget "taxi" */;
			buildPhases = (
				E419F0BDD03FC84697BEDFB4 /* [CP] Check Pods Manifest.lock */,
				369FAC592068B11F00275408 /* Sources */,
				369FAC5A2068B11F00275408 /* Frameworks */,
				369FAC5B2068B11F00275408 /* Resources */,
				E7E6408E337A8D290342EAE5 /* [CP] Embed Pods Frameworks */,
				FFB1997FF426B13C8D29CF1C /* [CP] Copy Pods Resources */,
			);
			buildRules = (
			);
			dependencies = (
			);
			name = taxi;
			productName = taxi;
			productReference = 369FAC5D2068B11F00275408 /* taxi.app */;
			productType = "com.apple.product-type.application";
		};
		369FAC702068B12000275408 /* taxiTests */ = {
			isa = PBXNativeTarget;
			buildConfigurationList = 369FAC882068B12000275408 /* Build configuration list for PBXNativeTarget "taxiTests" */;
			buildPhases = (
				D05B7C7785655566A7B39D04 /* [CP] Check Pods Manifest.lock */,
				369FAC6D2068B12000275408 /* Sources */,
				369FAC6E2068B12000275408 /* Frameworks */,
				369FAC6F2068B12000275408 /* Resources */,
				4770C00FD65BC3028CFF12FA /* [CP] Embed Pods Frameworks */,
				9B3E7505B31CD0B9E12C24C2 /* [CP] Copy Pods Resources */,
			);
			buildRules = (
			);
			dependencies = (
				369FAC732068B12000275408 /* PBXTargetDependency */,
			);
			name = taxiTests;
			productName = taxiTests;
			productReference = 369FAC712068B12000275408 /* taxiTests.xctest */;
			productType = "com.apple.product-type.bundle.unit-test";
		};
		369FAC7B2068B12000275408 /* taxiUITests */ = {
			isa = PBXNativeTarget;
			buildConfigurationList = 369FAC8B2068B12000275408 /* Build configuration list for PBXNativeTarget "taxiUITests" */;
			buildPhases = (
				DB961F177A3F6B22C142C7E6 /* [CP] Check Pods Manifest.lock */,
				369FAC782068B12000275408 /* Sources */,
				369FAC792068B12000275408 /* Frameworks */,
				369FAC7A2068B12000275408 /* Resources */,
				8638A4F987CE34EA42AA18A9 /* [CP] Embed Pods Frameworks */,
				3B389F4B41DCAE9FF035D29B /* [CP] Copy Pods Resources */,
			);
			buildRules = (
			);
			dependencies = (
				369FAC7E2068B12000275408 /* PBXTargetDependency */,
			);
			name = taxiUITests;
			productName = taxiUITests;
			productReference = 369FAC7C2068B12000275408 /* taxiUITests.xctest */;
			productType = "com.apple.product-type.bundle.ui-testing";
		};
/* End PBXNativeTarget section */

/* Begin PBXProject section */
		369FAC552068B11F00275408 /* Project object */ = {
			isa = PBXProject;
			attributes = {
				LastSwiftUpdateCheck = 0920;
				LastUpgradeCheck = 0920;
				ORGANIZATIONNAME = owl;
				TargetAttributes = {
					369FAC5C2068B11F00275408 = {
						CreatedOnToolsVersion = 9.2;
						ProvisioningStyle = Automatic;
					};
					369FAC702068B12000275408 = {
						CreatedOnToolsVersion = 9.2;
						ProvisioningStyle = Automatic;
						TestTargetID = 369FAC5C2068B11F00275408;
					};
					369FAC7B2068B12000275408 = {
						CreatedOnToolsVersion = 9.2;
						ProvisioningStyle = Automatic;
						TestTargetID = 369FAC5C2068B11F00275408;
					};
				};
			};
			buildConfigurationList = 369FAC582068B11F00275408 /* Build configuration list for PBXProject "taxi" */;
			compatibilityVersion = "Xcode 8.0";
			developmentRegion = en;
			hasScannedForEncodings = 0;
			knownRegions = (
				en,
				Base,
			);
			mainGroup = 369FAC542068B11F00275408;
			productRefGroup = 369FAC5E2068B11F00275408 /* Products */;
			projectDirPath = "";
			projectRoot = "";
			targets = (
				369FAC5C2068B11F00275408 /* taxi */,
				369FAC702068B12000275408 /* taxiTests */,
				369FAC7B2068B12000275408 /* taxiUITests */,
			);
		};
/* End PBXProject section */

/* Begin PBXResourcesBuildPhase section */
		369FAC5B2068B11F00275408 /* Resources */ = {
			isa = PBXResourcesBuildPhase;
			buildActionMask = 2147483647;
			files = (
				F79EE2D2206A1FC90015B5C1 /* map.js in Resources */,
				369FAC6B2068B11F00275408 /* LaunchScreen.storyboard in Resources */,
				369FAC682068B11F00275408 /* Assets.xcassets in Resources */,
				F79EE2BB206A003C0015B5C1 /* Map.storyboard in Resources */,
				369FAC662068B11F00275408 /* Main.storyboard in Resources */,
				F79EE2AE206A00020015B5C1 /* Main.storyboard in Resources */,
			);
			runOnlyForDeploymentPostprocessing = 0;
		};
		369FAC6F2068B12000275408 /* Resources */ = {
			isa = PBXResourcesBuildPhase;
			buildActionMask = 2147483647;
			files = (
			);
			runOnlyForDeploymentPostprocessing = 0;
		};
		369FAC7A2068B12000275408 /* Resources */ = {
			isa = PBXResourcesBuildPhase;
			buildActionMask = 2147483647;
			files = (
			);
			runOnlyForDeploymentPostprocessing = 0;
		};
/* End PBXResourcesBuildPhase section */

/* Begin PBXShellScriptBuildPhase section */
		3B389F4B41DCAE9FF035D29B /* [CP] Copy Pods Resources */ = {
			isa = PBXShellScriptBuildPhase;
			buildActionMask = 2147483647;
			files = (
			);
			inputPaths = (
			);
			name = "[CP] Copy Pods Resources";
			outputPaths = (
			);
			runOnlyForDeploymentPostprocessing = 0;
			shellPath = /bin/sh;
			shellScript = "\"${SRCROOT}/Pods/Target Support Files/Pods-taxiUITests/Pods-taxiUITests-resources.sh\"\n";
			showEnvVarsInLog = 0;
		};
		4770C00FD65BC3028CFF12FA /* [CP] Embed Pods Frameworks */ = {
			isa = PBXShellScriptBuildPhase;
			buildActionMask = 2147483647;
			files = (
			);
			inputPaths = (
			);
			name = "[CP] Embed Pods Frameworks";
			outputPaths = (
			);
			runOnlyForDeploymentPostprocessing = 0;
			shellPath = /bin/sh;
			shellScript = "\"${SRCROOT}/Pods/Target Support Files/Pods-taxiTests/Pods-taxiTests-frameworks.sh\"\n";
			showEnvVarsInLog = 0;
		};
		8638A4F987CE34EA42AA18A9 /* [CP] Embed Pods Frameworks */ = {
			isa = PBXShellScriptBuildPhase;
			buildActionMask = 2147483647;
			files = (
			);
			inputPaths = (
			);
			name = "[CP] Embed Pods Frameworks";
			outputPaths = (
			);
			runOnlyForDeploymentPostprocessing = 0;
			shellPath = /bin/sh;
			shellScript = "\"${SRCROOT}/Pods/Target Support Files/Pods-taxiUITests/Pods-taxiUITests-frameworks.sh\"\n";
			showEnvVarsInLog = 0;
		};
		9B3E7505B31CD0B9E12C24C2 /* [CP] Copy Pods Resources */ = {
			isa = PBXShellScriptBuildPhase;
			buildActionMask = 2147483647;
			files = (
			);
			inputPaths = (
			);
			name = "[CP] Copy Pods Resources";
			outputPaths = (
			);
			runOnlyForDeploymentPostprocessing = 0;
			shellPath = /bin/sh;
			shellScript = "\"${SRCROOT}/Pods/Target Support Files/Pods-taxiTests/Pods-taxiTests-resources.sh\"\n";
			showEnvVarsInLog = 0;
		};
		D05B7C7785655566A7B39D04 /* [CP] Check Pods Manifest.lock */ = {
			isa = PBXShellScriptBuildPhase;
			buildActionMask = 2147483647;
			files = (
			);
			inputPaths = (
				"${PODS_PODFILE_DIR_PATH}/Podfile.lock",
				"${PODS_ROOT}/Manifest.lock",
			);
			name = "[CP] Check Pods Manifest.lock";
			outputPaths = (
				"$(DERIVED_FILE_DIR)/Pods-taxiTests-checkManifestLockResult.txt",
			);
			runOnlyForDeploymentPostprocessing = 0;
			shellPath = /bin/sh;
			shellScript = "diff \"${PODS_PODFILE_DIR_PATH}/Podfile.lock\" \"${PODS_ROOT}/Manifest.lock\" > /dev/null\nif [ $? != 0 ] ; then\n    # print error to STDERR\n    echo \"error: The sandbox is not in sync with the Podfile.lock. Run 'pod install' or update your CocoaPods installation.\" >&2\n    exit 1\nfi\n# This output is used by Xcode 'outputs' to avoid re-running this script phase.\necho \"SUCCESS\" > \"${SCRIPT_OUTPUT_FILE_0}\"\n";
			showEnvVarsInLog = 0;
		};
		DB961F177A3F6B22C142C7E6 /* [CP] Check Pods Manifest.lock */ = {
			isa = PBXShellScriptBuildPhase;
			buildActionMask = 2147483647;
			files = (
			);
			inputPaths = (
				"${PODS_PODFILE_DIR_PATH}/Podfile.lock",
				"${PODS_ROOT}/Manifest.lock",
			);
			name = "[CP] Check Pods Manifest.lock";
			outputPaths = (
				"$(DERIVED_FILE_DIR)/Pods-taxiUITests-checkManifestLockResult.txt",
			);
			runOnlyForDeploymentPostprocessing = 0;
			shellPath = /bin/sh;
			shellScript = "diff \"${PODS_PODFILE_DIR_PATH}/Podfile.lock\" \"${PODS_ROOT}/Manifest.lock\" > /dev/null\nif [ $? != 0 ] ; then\n    # print error to STDERR\n    echo \"error: The sandbox is not in sync with the Podfile.lock. Run 'pod install' or update your CocoaPods installation.\" >&2\n    exit 1\nfi\n# This output is used by Xcode 'outputs' to avoid re-running this script phase.\necho \"SUCCESS\" > \"${SCRIPT_OUTPUT_FILE_0}\"\n";
			showEnvVarsInLog = 0;
		};
		E419F0BDD03FC84697BEDFB4 /* [CP] Check Pods Manifest.lock */ = {
			isa = PBXShellScriptBuildPhase;
			buildActionMask = 2147483647;
			files = (
			);
			inputPaths = (
				"${PODS_PODFILE_DIR_PATH}/Podfile.lock",
				"${PODS_ROOT}/Manifest.lock",
			);
			name = "[CP] Check Pods Manifest.lock";
			outputPaths = (
				"$(DERIVED_FILE_DIR)/Pods-taxi-checkManifestLockResult.txt",
			);
			runOnlyForDeploymentPostprocessing = 0;
			shellPath = /bin/sh;
			shellScript = "diff \"${PODS_PODFILE_DIR_PATH}/Podfile.lock\" \"${PODS_ROOT}/Manifest.lock\" > /dev/null\nif [ $? != 0 ] ; then\n    # print error to STDERR\n    echo \"error: The sandbox is not in sync with the Podfile.lock. Run 'pod install' or update your CocoaPods installation.\" >&2\n    exit 1\nfi\n# This output is used by Xcode 'outputs' to avoid re-running this script phase.\necho \"SUCCESS\" > \"${SCRIPT_OUTPUT_FILE_0}\"\n";
			showEnvVarsInLog = 0;
		};
		E7E6408E337A8D290342EAE5 /* [CP] Embed Pods Frameworks */ = {
			isa = PBXShellScriptBuildPhase;
			buildActionMask = 2147483647;
			files = (
			);
			inputPaths = (
				"${SRCROOT}/Pods/Target Support Files/Pods-taxi/Pods-taxi-frameworks.sh",
				"${BUILT_PRODUCTS_DIR}/Alamofire/Alamofire.framework",
				"${BUILT_PRODUCTS_DIR}/CodableAlamofire/CodableAlamofire.framework",
				"${BUILT_PRODUCTS_DIR}/Cordova/Cordova.framework",
				"${BUILT_PRODUCTS_DIR}/CordovaPlugin-console/CordovaPlugin_console.framework",
				"${BUILT_PRODUCTS_DIR}/DITranquillity/DITranquillity.framework",
				"${BUILT_PRODUCTS_DIR}/Localize-Swift/Localize_Swift.framework",
				"${BUILT_PRODUCTS_DIR}/MapsAPI/MapsAPI.framework",
				"${BUILT_PRODUCTS_DIR}/ObjectMapper/ObjectMapper.framework",
				"${BUILT_PRODUCTS_DIR}/RxAlamofire/RxAlamofire.framework",
				"${BUILT_PRODUCTS_DIR}/RxSwift/RxSwift.framework",
				"${BUILT_PRODUCTS_DIR}/SVProgressHUD/SVProgressHUD.framework",
				"${BUILT_PRODUCTS_DIR}/SwiftHash/SwiftHash.framework",
				"${BUILT_PRODUCTS_DIR}/cordova-plugin-device/cordova_plugin_device.framework",
				"${BUILT_PRODUCTS_DIR}/cordova-plugin-device-motion/cordova_plugin_device_motion.framework",
				"${BUILT_PRODUCTS_DIR}/cordova-plugin-device-orientation/cordova_plugin_device_orientation.framework",
				"${BUILT_PRODUCTS_DIR}/cordova-plugin-file/cordova_plugin_file.framework",
				"${BUILT_PRODUCTS_DIR}/cordova-plugin-geolocation/cordova_plugin_geolocation.framework",
				"${BUILT_PRODUCTS_DIR}/cordova-plugin-globalization/cordova_plugin_globalization.framework",
				"${BUILT_PRODUCTS_DIR}/cordova-plugin-network-information/cordova_plugin_network_information.framework",
				"${BUILT_PRODUCTS_DIR}/cordova-plugin-wkwebview-engine/cordova_plugin_wkwebview_engine.framework",
			);
			name = "[CP] Embed Pods Frameworks";
			outputPaths = (
				"${TARGET_BUILD_DIR}/${FRAMEWORKS_FOLDER_PATH}/Alamofire.framework",
				"${TARGET_BUILD_DIR}/${FRAMEWORKS_FOLDER_PATH}/CodableAlamofire.framework",
				"${TARGET_BUILD_DIR}/${FRAMEWORKS_FOLDER_PATH}/Cordova.framework",
				"${TARGET_BUILD_DIR}/${FRAMEWORKS_FOLDER_PATH}/CordovaPlugin_console.framework",
				"${TARGET_BUILD_DIR}/${FRAMEWORKS_FOLDER_PATH}/DITranquillity.framework",
				"${TARGET_BUILD_DIR}/${FRAMEWORKS_FOLDER_PATH}/Localize_Swift.framework",
				"${TARGET_BUILD_DIR}/${FRAMEWORKS_FOLDER_PATH}/MapsAPI.framework",
				"${TARGET_BUILD_DIR}/${FRAMEWORKS_FOLDER_PATH}/ObjectMapper.framework",
				"${TARGET_BUILD_DIR}/${FRAMEWORKS_FOLDER_PATH}/RxAlamofire.framework",
				"${TARGET_BUILD_DIR}/${FRAMEWORKS_FOLDER_PATH}/RxSwift.framework",
				"${TARGET_BUILD_DIR}/${FRAMEWORKS_FOLDER_PATH}/SVProgressHUD.framework",
				"${TARGET_BUILD_DIR}/${FRAMEWORKS_FOLDER_PATH}/SwiftHash.framework",
				"${TARGET_BUILD_DIR}/${FRAMEWORKS_FOLDER_PATH}/cordova_plugin_device.framework",
				"${TARGET_BUILD_DIR}/${FRAMEWORKS_FOLDER_PATH}/cordova_plugin_device_motion.framework",
				"${TARGET_BUILD_DIR}/${FRAMEWORKS_FOLDER_PATH}/cordova_plugin_device_orientation.framework",
				"${TARGET_BUILD_DIR}/${FRAMEWORKS_FOLDER_PATH}/cordova_plugin_file.framework",
				"${TARGET_BUILD_DIR}/${FRAMEWORKS_FOLDER_PATH}/cordova_plugin_geolocation.framework",
				"${TARGET_BUILD_DIR}/${FRAMEWORKS_FOLDER_PATH}/cordova_plugin_globalization.framework",
				"${TARGET_BUILD_DIR}/${FRAMEWORKS_FOLDER_PATH}/cordova_plugin_network_information.framework",
				"${TARGET_BUILD_DIR}/${FRAMEWORKS_FOLDER_PATH}/cordova_plugin_wkwebview_engine.framework",
			);
			runOnlyForDeploymentPostprocessing = 0;
			shellPath = /bin/sh;
			shellScript = "\"${SRCROOT}/Pods/Target Support Files/Pods-taxi/Pods-taxi-frameworks.sh\"\n";
			showEnvVarsInLog = 0;
		};
		FFB1997FF426B13C8D29CF1C /* [CP] Copy Pods Resources */ = {
			isa = PBXShellScriptBuildPhase;
			buildActionMask = 2147483647;
			files = (
			);
			inputPaths = (
			);
			name = "[CP] Copy Pods Resources";
			outputPaths = (
			);
			runOnlyForDeploymentPostprocessing = 0;
			shellPath = /bin/sh;
			shellScript = "\"${SRCROOT}/Pods/Target Support Files/Pods-taxi/Pods-taxi-resources.sh\"\n";
			showEnvVarsInLog = 0;
		};
/* End PBXShellScriptBuildPhase section */

/* Begin PBXSourcesBuildPhase section */
		369FAC592068B11F00275408 /* Sources */ = {
			isa = PBXSourcesBuildPhase;
			buildActionMask = 2147483647;
			files = (
				F79EE2BC206A003C0015B5C1 /* MapContract.swift in Sources */,
				F79EE2B3206A00020015B5C1 /* MainViewController.swift in Sources */,
				F79EE2BF206A003C0015B5C1 /* MapRouterImpl.swift in Sources */,
				F79EE2B0206A00020015B5C1 /* MainDIPart.swift in Sources */,
				F79EE2BE206A003C0015B5C1 /* MapPresenterImpl.swift in Sources */,
				F79EE2B1206A00020015B5C1 /* MainPresenterImpl.swift in Sources */,
				369FAC632068B11F00275408 /* ViewController.swift in Sources */,
				F79EE2C0206A003C0015B5C1 /* MapViewController.swift in Sources */,
				F79EE2C7206A016C0015B5C1 /* NetworkDIPart.swift in Sources */,
				F79EE2AF206A00020015B5C1 /* MainContract.swift in Sources */,
				369FAC612068B11F00275408 /* AppDelegate.swift in Sources */,
				F79EE2C5206A015B0015B5C1 /* AppDIPart.swift in Sources */,
				F79EE2B2206A00020015B5C1 /* MainRouterImpl.swift in Sources */,
				F79EE2BD206A003C0015B5C1 /* MapDIPart.swift in Sources */,
			);
			runOnlyForDeploymentPostprocessing = 0;
		};
		369FAC6D2068B12000275408 /* Sources */ = {
			isa = PBXSourcesBuildPhase;
			buildActionMask = 2147483647;
			files = (
				369FAC762068B12000275408 /* taxiTests.swift in Sources */,
			);
			runOnlyForDeploymentPostprocessing = 0;
		};
		369FAC782068B12000275408 /* Sources */ = {
			isa = PBXSourcesBuildPhase;
			buildActionMask = 2147483647;
			files = (
				369FAC812068B12000275408 /* taxiUITests.swift in Sources */,
			);
			runOnlyForDeploymentPostprocessing = 0;
		};
/* End PBXSourcesBuildPhase section */

/* Begin PBXTargetDependency section */
		369FAC732068B12000275408 /* PBXTargetDependency */ = {
			isa = PBXTargetDependency;
			target = 369FAC5C2068B11F00275408 /* taxi */;
			targetProxy = 369FAC722068B12000275408 /* PBXContainerItemProxy */;
		};
		369FAC7E2068B12000275408 /* PBXTargetDependency */ = {
			isa = PBXTargetDependency;
			target = 369FAC5C2068B11F00275408 /* taxi */;
			targetProxy = 369FAC7D2068B12000275408 /* PBXContainerItemProxy */;
		};
/* End PBXTargetDependency section */

/* Begin PBXVariantGroup section */
		369FAC642068B11F00275408 /* Main.storyboard */ = {
			isa = PBXVariantGroup;
			children = (
				369FAC652068B11F00275408 /* Base */,
			);
			name = Main.storyboard;
			sourceTree = "<group>";
		};
		369FAC692068B11F00275408 /* LaunchScreen.storyboard */ = {
			isa = PBXVariantGroup;
			children = (
				369FAC6A2068B11F00275408 /* Base */,
			);
			name = LaunchScreen.storyboard;
			sourceTree = "<group>";
		};
/* End PBXVariantGroup section */

/* Begin XCBuildConfiguration section */
		369FAC832068B12000275408 /* Debug */ = {
			isa = XCBuildConfiguration;
			buildSettings = {
				ALWAYS_SEARCH_USER_PATHS = NO;
				CLANG_ANALYZER_NONNULL = YES;
				CLANG_ANALYZER_NUMBER_OBJECT_CONVERSION = YES_AGGRESSIVE;
				CLANG_CXX_LANGUAGE_STANDARD = "gnu++14";
				CLANG_CXX_LIBRARY = "libc++";
				CLANG_ENABLE_MODULES = YES;
				CLANG_ENABLE_OBJC_ARC = YES;
				CLANG_WARN_BLOCK_CAPTURE_AUTORELEASING = YES;
				CLANG_WARN_BOOL_CONVERSION = YES;
				CLANG_WARN_COMMA = YES;
				CLANG_WARN_CONSTANT_CONVERSION = YES;
				CLANG_WARN_DIRECT_OBJC_ISA_USAGE = YES_ERROR;
				CLANG_WARN_DOCUMENTATION_COMMENTS = YES;
				CLANG_WARN_EMPTY_BODY = YES;
				CLANG_WARN_ENUM_CONVERSION = YES;
				CLANG_WARN_INFINITE_RECURSION = YES;
				CLANG_WARN_INT_CONVERSION = YES;
				CLANG_WARN_NON_LITERAL_NULL_CONVERSION = YES;
				CLANG_WARN_OBJC_LITERAL_CONVERSION = YES;
				CLANG_WARN_OBJC_ROOT_CLASS = YES_ERROR;
				CLANG_WARN_RANGE_LOOP_ANALYSIS = YES;
				CLANG_WARN_STRICT_PROTOTYPES = YES;
				CLANG_WARN_SUSPICIOUS_MOVE = YES;
				CLANG_WARN_UNGUARDED_AVAILABILITY = YES_AGGRESSIVE;
				CLANG_WARN_UNREACHABLE_CODE = YES;
				CLANG_WARN__DUPLICATE_METHOD_MATCH = YES;
				CODE_SIGN_IDENTITY = "iPhone Developer";
				COPY_PHASE_STRIP = NO;
				DEBUG_INFORMATION_FORMAT = dwarf;
				ENABLE_STRICT_OBJC_MSGSEND = YES;
				ENABLE_TESTABILITY = YES;
				GCC_C_LANGUAGE_STANDARD = gnu11;
				GCC_DYNAMIC_NO_PIC = NO;
				GCC_NO_COMMON_BLOCKS = YES;
				GCC_OPTIMIZATION_LEVEL = 0;
				GCC_PREPROCESSOR_DEFINITIONS = (
					"DEBUG=1",
					"$(inherited)",
				);
				GCC_WARN_64_TO_32_BIT_CONVERSION = YES;
				GCC_WARN_ABOUT_RETURN_TYPE = YES_ERROR;
				GCC_WARN_UNDECLARED_SELECTOR = YES;
				GCC_WARN_UNINITIALIZED_AUTOS = YES_AGGRESSIVE;
				GCC_WARN_UNUSED_FUNCTION = YES;
				GCC_WARN_UNUSED_VARIABLE = YES;
				IPHONEOS_DEPLOYMENT_TARGET = 11.2;
				MTL_ENABLE_DEBUG_INFO = YES;
				ONLY_ACTIVE_ARCH = YES;
				SDKROOT = iphoneos;
				SWIFT_ACTIVE_COMPILATION_CONDITIONS = DEBUG;
				SWIFT_OPTIMIZATION_LEVEL = "-Onone";
			};
			name = Debug;
		};
		369FAC842068B12000275408 /* Release */ = {
			isa = XCBuildConfiguration;
			buildSettings = {
				ALWAYS_SEARCH_USER_PATHS = NO;
				CLANG_ANALYZER_NONNULL = YES;
				CLANG_ANALYZER_NUMBER_OBJECT_CONVERSION = YES_AGGRESSIVE;
				CLANG_CXX_LANGUAGE_STANDARD = "gnu++14";
				CLANG_CXX_LIBRARY = "libc++";
				CLANG_ENABLE_MODULES = YES;
				CLANG_ENABLE_OBJC_ARC = YES;
				CLANG_WARN_BLOCK_CAPTURE_AUTORELEASING = YES;
				CLANG_WARN_BOOL_CONVERSION = YES;
				CLANG_WARN_COMMA = YES;
				CLANG_WARN_CONSTANT_CONVERSION = YES;
				CLANG_WARN_DIRECT_OBJC_ISA_USAGE = YES_ERROR;
				CLANG_WARN_DOCUMENTATION_COMMENTS = YES;
				CLANG_WARN_EMPTY_BODY = YES;
				CLANG_WARN_ENUM_CONVERSION = YES;
				CLANG_WARN_INFINITE_RECURSION = YES;
				CLANG_WARN_INT_CONVERSION = YES;
				CLANG_WARN_NON_LITERAL_NULL_CONVERSION = YES;
				CLANG_WARN_OBJC_LITERAL_CONVERSION = YES;
				CLANG_WARN_OBJC_ROOT_CLASS = YES_ERROR;
				CLANG_WARN_RANGE_LOOP_ANALYSIS = YES;
				CLANG_WARN_STRICT_PROTOTYPES = YES;
				CLANG_WARN_SUSPICIOUS_MOVE = YES;
				CLANG_WARN_UNGUARDED_AVAILABILITY = YES_AGGRESSIVE;
				CLANG_WARN_UNREACHABLE_CODE = YES;
				CLANG_WARN__DUPLICATE_METHOD_MATCH = YES;
				CODE_SIGN_IDENTITY = "iPhone Developer";
				COPY_PHASE_STRIP = NO;
				DEBUG_INFORMATION_FORMAT = "dwarf-with-dsym";
				ENABLE_NS_ASSERTIONS = NO;
				ENABLE_STRICT_OBJC_MSGSEND = YES;
				GCC_C_LANGUAGE_STANDARD = gnu11;
				GCC_NO_COMMON_BLOCKS = YES;
				GCC_WARN_64_TO_32_BIT_CONVERSION = YES;
				GCC_WARN_ABOUT_RETURN_TYPE = YES_ERROR;
				GCC_WARN_UNDECLARED_SELECTOR = YES;
				GCC_WARN_UNINITIALIZED_AUTOS = YES_AGGRESSIVE;
				GCC_WARN_UNUSED_FUNCTION = YES;
				GCC_WARN_UNUSED_VARIABLE = YES;
				IPHONEOS_DEPLOYMENT_TARGET = 11.2;
				MTL_ENABLE_DEBUG_INFO = NO;
				SDKROOT = iphoneos;
				SWIFT_OPTIMIZATION_LEVEL = "-Owholemodule";
				VALIDATE_PRODUCT = YES;
			};
			name = Release;
		};
		369FAC862068B12000275408 /* Debug */ = {
			isa = XCBuildConfiguration;
			baseConfigurationReference = FEC16F893B695759F2C0028C /* Pods-taxi.debug.xcconfig */;
			buildSettings = {
				ASSETCATALOG_COMPILER_APPICON_NAME = AppIcon;
				CODE_SIGN_STYLE = Automatic;
				DEVELOPMENT_TEAM = 2M4R3DEKQ6;
				INFOPLIST_FILE = taxi/Info.plist;
				LD_RUNPATH_SEARCH_PATHS = "$(inherited) @executable_path/Frameworks";
				PRODUCT_BUNDLE_IDENTIFIER = com.taxiApp1;
				PRODUCT_NAME = "$(TARGET_NAME)";
				SWIFT_VERSION = 4.0;
				TARGETED_DEVICE_FAMILY = "1,2";
			};
			name = Debug;
		};
		369FAC872068B12000275408 /* Release */ = {
			isa = XCBuildConfiguration;
			baseConfigurationReference = B23F00E49C07C2C939B879AB /* Pods-taxi.release.xcconfig */;
			buildSettings = {
				ASSETCATALOG_COMPILER_APPICON_NAME = AppIcon;
				CODE_SIGN_STYLE = Automatic;
				DEVELOPMENT_TEAM = 2M4R3DEKQ6;
				INFOPLIST_FILE = taxi/Info.plist;
				LD_RUNPATH_SEARCH_PATHS = "$(inherited) @executable_path/Frameworks";
				PRODUCT_BUNDLE_IDENTIFIER = com.taxiApp1;
				PRODUCT_NAME = "$(TARGET_NAME)";
				SWIFT_VERSION = 4.0;
				TARGETED_DEVICE_FAMILY = "1,2";
			};
			name = Release;
		};
		369FAC892068B12000275408 /* Debug */ = {
			isa = XCBuildConfiguration;
			baseConfigurationReference = 9F15EF6D15369F29A0464A3A /* Pods-taxiTests.debug.xcconfig */;
			buildSettings = {
				ALWAYS_EMBED_SWIFT_STANDARD_LIBRARIES = YES;
				BUNDLE_LOADER = "$(TEST_HOST)";
				CODE_SIGN_STYLE = Automatic;
				DEVELOPMENT_TEAM = 2M4R3DEKQ6;
				INFOPLIST_FILE = taxiTests/Info.plist;
				LD_RUNPATH_SEARCH_PATHS = "$(inherited) @executable_path/Frameworks @loader_path/Frameworks";
				PRODUCT_BUNDLE_IDENTIFIER = com.taxiApp.taxiTests;
				PRODUCT_NAME = "$(TARGET_NAME)";
				SWIFT_VERSION = 4.0;
				TARGETED_DEVICE_FAMILY = "1,2";
				TEST_HOST = "$(BUILT_PRODUCTS_DIR)/taxi.app/taxi";
			};
			name = Debug;
		};
		369FAC8A2068B12000275408 /* Release */ = {
			isa = XCBuildConfiguration;
			baseConfigurationReference = F22CDF37C1F223FB77DAC616 /* Pods-taxiTests.release.xcconfig */;
			buildSettings = {
				ALWAYS_EMBED_SWIFT_STANDARD_LIBRARIES = YES;
				BUNDLE_LOADER = "$(TEST_HOST)";
				CODE_SIGN_STYLE = Automatic;
				DEVELOPMENT_TEAM = 2M4R3DEKQ6;
				INFOPLIST_FILE = taxiTests/Info.plist;
				LD_RUNPATH_SEARCH_PATHS = "$(inherited) @executable_path/Frameworks @loader_path/Frameworks";
				PRODUCT_BUNDLE_IDENTIFIER = com.taxiApp.taxiTests;
				PRODUCT_NAME = "$(TARGET_NAME)";
				SWIFT_VERSION = 4.0;
				TARGETED_DEVICE_FAMILY = "1,2";
				TEST_HOST = "$(BUILT_PRODUCTS_DIR)/taxi.app/taxi";
			};
			name = Release;
		};
		369FAC8C2068B12000275408 /* Debug */ = {
			isa = XCBuildConfiguration;
			baseConfigurationReference = B80E2F9E84C785DEE462B227 /* Pods-taxiUITests.debug.xcconfig */;
			buildSettings = {
				ALWAYS_EMBED_SWIFT_STANDARD_LIBRARIES = YES;
				CODE_SIGN_STYLE = Automatic;
				DEVELOPMENT_TEAM = 2M4R3DEKQ6;
				INFOPLIST_FILE = taxiUITests/Info.plist;
				LD_RUNPATH_SEARCH_PATHS = "$(inherited) @executable_path/Frameworks @loader_path/Frameworks";
				PRODUCT_BUNDLE_IDENTIFIER = com.taxiApp.taxiUITests;
				PRODUCT_NAME = "$(TARGET_NAME)";
				SWIFT_VERSION = 4.0;
				TARGETED_DEVICE_FAMILY = "1,2";
				TEST_TARGET_NAME = taxi;
			};
			name = Debug;
		};
		369FAC8D2068B12000275408 /* Release */ = {
			isa = XCBuildConfiguration;
			baseConfigurationReference = 7046EB157555C12F820FDB21 /* Pods-taxiUITests.release.xcconfig */;
			buildSettings = {
				ALWAYS_EMBED_SWIFT_STANDARD_LIBRARIES = YES;
				CODE_SIGN_STYLE = Automatic;
				DEVELOPMENT_TEAM = 2M4R3DEKQ6;
				INFOPLIST_FILE = taxiUITests/Info.plist;
				LD_RUNPATH_SEARCH_PATHS = "$(inherited) @executable_path/Frameworks @loader_path/Frameworks";
				PRODUCT_BUNDLE_IDENTIFIER = com.taxiApp.taxiUITests;
				PRODUCT_NAME = "$(TARGET_NAME)";
				SWIFT_VERSION = 4.0;
				TARGETED_DEVICE_FAMILY = "1,2";
				TEST_TARGET_NAME = taxi;
			};
			name = Release;
		};
/* End XCBuildConfiguration section */

/* Begin XCConfigurationList section */
		369FAC582068B11F00275408 /* Build configuration list for PBXProject "taxi" */ = {
			isa = XCConfigurationList;
			buildConfigurations = (
				369FAC832068B12000275408 /* Debug */,
				369FAC842068B12000275408 /* Release */,
			);
			defaultConfigurationIsVisible = 0;
			defaultConfigurationName = Release;
		};
		369FAC852068B12000275408 /* Build configuration list for PBXNativeTarget "taxi" */ = {
			isa = XCConfigurationList;
			buildConfigurations = (
				369FAC862068B12000275408 /* Debug */,
				369FAC872068B12000275408 /* Release */,
			);
			defaultConfigurationIsVisible = 0;
			defaultConfigurationName = Release;
		};
		369FAC882068B12000275408 /* Build configuration list for PBXNativeTarget "taxiTests" */ = {
			isa = XCConfigurationList;
			buildConfigurations = (
				369FAC892068B12000275408 /* Debug */,
				369FAC8A2068B12000275408 /* Release */,
			);
			defaultConfigurationIsVisible = 0;
			defaultConfigurationName = Release;
		};
		369FAC8B2068B12000275408 /* Build configuration list for PBXNativeTarget "taxiUITests" */ = {
			isa = XCConfigurationList;
			buildConfigurations = (
				369FAC8C2068B12000275408 /* Debug */,
				369FAC8D2068B12000275408 /* Release */,
			);
			defaultConfigurationIsVisible = 0;
			defaultConfigurationName = Release;
		};
/* End XCConfigurationList section */
	};
	rootObject = 369FAC552068B11F00275408 /* Project object */;
}
